{
  "nodes": {
    "nixpkgs": {
      "locked": {
        "lastModified": 1655707439,
        "narHash": "sha256-pLQHpTFguAtlpKA/iXw4EYKvTUKj4pAa3I/XYf8Yi1U=",
        "owner": "NixOS",
        "repo": "nixpkgs",
        "rev": "c8f6b47ac9ed1e9b7f4672ef108299c8d4046a3f",
        "type": "github"
      },
      "original": {
        "id": "nixpkgs",
        "ref": "master",
        "type": "indirect"
      }
    },
    "nixpkgs_2": {
      "locked": {
        "lastModified": 1655707439,
        "narHash": "sha256-pLQHpTFguAtlpKA/iXw4EYKvTUKj4pAa3I/XYf8Yi1U=",
        "owner": "NixOS",
        "repo": "nixpkgs",
        "rev": "c8f6b47ac9ed1e9b7f4672ef108299c8d4046a3f",
        "type": "github"
      },
      "original": {
        "id": "nixpkgs",
        "ref": "master",
        "type": "indirect"
      }
    },
    "root": {
      "inputs": {
        "nixpkgs": "nixpkgs",
        "uutils": "uutils"
      }
    },
    "uutils": {
      "inputs": {
        "nixpkgs": "nixpkgs_2"
      },
      "locked": {
        "lastModified": 1656658058,
        "narHash": "sha256-URCYXr+pwdqEh12pfjZ0K0KTom0pT4nXUB3HV9lBFyA=",
        "owner": "UPPAALModelChecker",
        "repo": "UUtils",
        "rev": "4b9af0c1c4b630dcf24e4516c27766b84e9866d7",
        "type": "github"
      },
      "original": {
        "owner": "UPPAALModelChecker",
        "repo": "UUtils",
        "type": "github"
      }
    }
  },
  "root": "root",
  "version": 7
}
